
Microsoft Visual Studio Solution File, Format Version 12.00
# Visual Studio Version 17
VisualStudioVersion = 17.5.33414.496
MinimumVisualStudioVersion = 10.0.40219.1
Project("{FAE04EC0-301F-11D3-BF4B-00C04F79EFBC}") = "WpfApp2", "WpfApp2.csproj", "{2AE0EA60-1EE2-4D27-B2B0-715E3ADE382D}"
EndProject
Global
	GlobalSection(SolutionConfigurationPlatforms) = preSolution
		Debug|Any CPU = Debug|Any CPU
		Release|Any CPU = Release|Any CPU
	EndGlobalSection
	GlobalSection(ProjectConfigurationPlatforms) = postSolution
		{2AE0EA60-1EE2-4D27-B2B0-715E3ADE382D}.Debug|Any CPU.ActiveCfg = Debug|Any CPU
		{2AE0EA60-1EE2-4D27-B2B0-715E3ADE382D}.Debug|Any CPU.Build.0 = Debug|Any CPU
		{2AE0EA60-1EE2-4D27-B2B0-715E3ADE382D}.Release|Any CPU.ActiveCfg = Release|Any CPU
		{2AE0EA60-1EE2-4D27-B2B0-715E3ADE382D}.Release|Any CPU.Build.0 = Release|Any CPU
	EndGlobalSection
	GlobalSection(SolutionProperties) = preSolution
		HideSolutionNode = FALSE
	EndGlobalSection
	GlobalSection(ExtensibilityGlobals) = postSolution
		SolutionGuid = {FFCE13AE-D3C1-431D-9306-A0C6CCB77932}
	EndGlobalSection
EndGlobal
